
Microsoft Visual Studio Solution File, Format Version 12.00
# Visual Studio Version 16
VisualStudioVersion = 16.0.30621.155
MinimumVisualStudioVersion = 10.0.40219.1
Project("{FAE04EC0-301F-11D3-BF4B-00C04F79EFBC}") = "07", "07.csproj", "{795269F6-CF12-4874-9024-781CDAB30191}"
EndProject
Global
	GlobalSection(SolutionConfigurationPlatforms) = preSolution
		Debug|Any CPU = Debug|Any CPU
		Release|Any CPU = Release|Any CPU
	EndGlobalSection
	GlobalSection(ProjectConfigurationPlatforms) = postSolution
		{795269F6-CF12-4874-9024-781CDAB30191}.Debug|Any CPU.ActiveCfg = Debug|Any CPU
		{795269F6-CF12-4874-9024-781CDAB30191}.Debug|Any CPU.Build.0 = Debug|Any CPU
		{795269F6-CF12-4874-9024-781CDAB30191}.Release|Any CPU.ActiveCfg = Release|Any CPU
		{795269F6-CF12-4874-9024-781CDAB30191}.Release|Any CPU.Build.0 = Release|Any CPU
	EndGlobalSection
	GlobalSection(SolutionProperties) = preSolution
		HideSolutionNode = FALSE
	EndGlobalSection
	GlobalSection(ExtensibilityGlobals) = postSolution
		SolutionGuid = {E07BFB1D-4330-45DB-A093-9BB241B20129}
	EndGlobalSection
EndGlobal
