
Microsoft Visual Studio Solution File, Format Version 12.00
# Visual Studio Version 16
VisualStudioVersion = 16.0.31025.194
MinimumVisualStudioVersion = 10.0.40219.1
Project("{FAE04EC0-301F-11D3-BF4B-00C04F79EFBC}") = "HashSetSortedSet", "HashSetSortedSet.csproj", "{117967EF-2D92-4911-85C3-BCA9123E7563}"
EndProject
Global
	GlobalSection(SolutionConfigurationPlatforms) = preSolution
		Debug|Any CPU = Debug|Any CPU
		Release|Any CPU = Release|Any CPU
	EndGlobalSection
	GlobalSection(ProjectConfigurationPlatforms) = postSolution
		{117967EF-2D92-4911-85C3-BCA9123E7563}.Debug|Any CPU.ActiveCfg = Debug|Any CPU
		{117967EF-2D92-4911-85C3-BCA9123E7563}.Debug|Any CPU.Build.0 = Debug|Any CPU
		{117967EF-2D92-4911-85C3-BCA9123E7563}.Release|Any CPU.ActiveCfg = Release|Any CPU
		{117967EF-2D92-4911-85C3-BCA9123E7563}.Release|Any CPU.Build.0 = Release|Any CPU
	EndGlobalSection
	GlobalSection(SolutionProperties) = preSolution
		HideSolutionNode = FALSE
	EndGlobalSection
	GlobalSection(ExtensibilityGlobals) = postSolution
		SolutionGuid = {4540175C-23FC-473C-9D19-4EB91F5A3512}
	EndGlobalSection
EndGlobal
