
Microsoft Visual Studio Solution File, Format Version 12.00
# Visual Studio Version 16
VisualStudioVersion = 16.0.30907.101
MinimumVisualStudioVersion = 10.0.40219.1
Project("{FAE04EC0-301F-11D3-BF4B-00C04F79EFBC}") = "File_FileInfo", "File_FileInfo.csproj", "{664AE03A-0507-4A3D-88EC-D0AEFC2331E8}"
EndProject
Global
	GlobalSection(SolutionConfigurationPlatforms) = preSolution
		Debug|Any CPU = Debug|Any CPU
		Release|Any CPU = Release|Any CPU
	EndGlobalSection
	GlobalSection(ProjectConfigurationPlatforms) = postSolution
		{664AE03A-0507-4A3D-88EC-D0AEFC2331E8}.Debug|Any CPU.ActiveCfg = Debug|Any CPU
		{664AE03A-0507-4A3D-88EC-D0AEFC2331E8}.Debug|Any CPU.Build.0 = Debug|Any CPU
		{664AE03A-0507-4A3D-88EC-D0AEFC2331E8}.Release|Any CPU.ActiveCfg = Release|Any CPU
		{664AE03A-0507-4A3D-88EC-D0AEFC2331E8}.Release|Any CPU.Build.0 = Release|Any CPU
	EndGlobalSection
	GlobalSection(SolutionProperties) = preSolution
		HideSolutionNode = FALSE
	EndGlobalSection
	GlobalSection(ExtensibilityGlobals) = postSolution
		SolutionGuid = {A1071504-4237-477A-A94A-A7508EA393AC}
	EndGlobalSection
EndGlobal
