
Microsoft Visual Studio Solution File, Format Version 12.00
# Visual Studio Version 16
VisualStudioVersion = 16.0.31025.194
MinimumVisualStudioVersion = 10.0.40219.1
Project("{FAE04EC0-301F-11D3-BF4B-00C04F79EFBC}") = "Dictionaries", "Dictionaries.csproj", "{09CD8AFB-A6F1-4245-9B76-024DAC601BF1}"
EndProject
Global
	GlobalSection(SolutionConfigurationPlatforms) = preSolution
		Debug|Any CPU = Debug|Any CPU
		Release|Any CPU = Release|Any CPU
	EndGlobalSection
	GlobalSection(ProjectConfigurationPlatforms) = postSolution
		{09CD8AFB-A6F1-4245-9B76-024DAC601BF1}.Debug|Any CPU.ActiveCfg = Debug|Any CPU
		{09CD8AFB-A6F1-4245-9B76-024DAC601BF1}.Debug|Any CPU.Build.0 = Debug|Any CPU
		{09CD8AFB-A6F1-4245-9B76-024DAC601BF1}.Release|Any CPU.ActiveCfg = Release|Any CPU
		{09CD8AFB-A6F1-4245-9B76-024DAC601BF1}.Release|Any CPU.Build.0 = Release|Any CPU
	EndGlobalSection
	GlobalSection(SolutionProperties) = preSolution
		HideSolutionNode = FALSE
	EndGlobalSection
	GlobalSection(ExtensibilityGlobals) = postSolution
		SolutionGuid = {04F354CF-B508-4B66-9DEF-7486461974E1}
	EndGlobalSection
EndGlobal
