
Microsoft Visual Studio Solution File, Format Version 12.00
# Visual Studio Version 16
VisualStudioVersion = 16.0.30621.155
MinimumVisualStudioVersion = 10.0.40219.1
Project("{FAE04EC0-301F-11D3-BF4B-00C04F79EFBC}") = "01", "01.csproj", "{A1D38D63-0869-438D-85FD-FFDF1D0B6384}"
EndProject
Global
	GlobalSection(SolutionConfigurationPlatforms) = preSolution
		Debug|Any CPU = Debug|Any CPU
		Release|Any CPU = Release|Any CPU
	EndGlobalSection
	GlobalSection(ProjectConfigurationPlatforms) = postSolution
		{A1D38D63-0869-438D-85FD-FFDF1D0B6384}.Debug|Any CPU.ActiveCfg = Debug|Any CPU
		{A1D38D63-0869-438D-85FD-FFDF1D0B6384}.Debug|Any CPU.Build.0 = Debug|Any CPU
		{A1D38D63-0869-438D-85FD-FFDF1D0B6384}.Release|Any CPU.ActiveCfg = Release|Any CPU
		{A1D38D63-0869-438D-85FD-FFDF1D0B6384}.Release|Any CPU.Build.0 = Release|Any CPU
	EndGlobalSection
	GlobalSection(SolutionProperties) = preSolution
		HideSolutionNode = FALSE
	EndGlobalSection
	GlobalSection(ExtensibilityGlobals) = postSolution
		SolutionGuid = {A0F54CA1-7747-42EE-AAC8-E389819E0DAD}
	EndGlobalSection
EndGlobal
