
Microsoft Visual Studio Solution File, Format Version 12.00
# Visual Studio Version 16
VisualStudioVersion = 16.0.31025.194
MinimumVisualStudioVersion = 10.0.40219.1
Project("{FAE04EC0-301F-11D3-BF4B-00C04F79EFBC}") = "TotalStudents", "TotalStudents.csproj", "{252A9D0F-82F6-4A94-8C2E-B642EF9BF35E}"
EndProject
Global
	GlobalSection(SolutionConfigurationPlatforms) = preSolution
		Debug|Any CPU = Debug|Any CPU
		Release|Any CPU = Release|Any CPU
	EndGlobalSection
	GlobalSection(ProjectConfigurationPlatforms) = postSolution
		{252A9D0F-82F6-4A94-8C2E-B642EF9BF35E}.Debug|Any CPU.ActiveCfg = Debug|Any CPU
		{252A9D0F-82F6-4A94-8C2E-B642EF9BF35E}.Debug|Any CPU.Build.0 = Debug|Any CPU
		{252A9D0F-82F6-4A94-8C2E-B642EF9BF35E}.Release|Any CPU.ActiveCfg = Release|Any CPU
		{252A9D0F-82F6-4A94-8C2E-B642EF9BF35E}.Release|Any CPU.Build.0 = Release|Any CPU
	EndGlobalSection
	GlobalSection(SolutionProperties) = preSolution
		HideSolutionNode = FALSE
	EndGlobalSection
	GlobalSection(ExtensibilityGlobals) = postSolution
		SolutionGuid = {66B04D5D-CA9B-414D-802F-5C3590AE1036}
	EndGlobalSection
EndGlobal
