
Microsoft Visual Studio Solution File, Format Version 12.00
# Visual Studio Version 16
VisualStudioVersion = 16.0.30621.155
MinimumVisualStudioVersion = 10.0.40219.1
Project("{FAE04EC0-301F-11D3-BF4B-00C04F79EFBC}") = "04", "04.csproj", "{718572F8-EFF3-433E-829C-138E986140EB}"
EndProject
Global
	GlobalSection(SolutionConfigurationPlatforms) = preSolution
		Debug|Any CPU = Debug|Any CPU
		Release|Any CPU = Release|Any CPU
	EndGlobalSection
	GlobalSection(ProjectConfigurationPlatforms) = postSolution
		{718572F8-EFF3-433E-829C-138E986140EB}.Debug|Any CPU.ActiveCfg = Debug|Any CPU
		{718572F8-EFF3-433E-829C-138E986140EB}.Debug|Any CPU.Build.0 = Debug|Any CPU
		{718572F8-EFF3-433E-829C-138E986140EB}.Release|Any CPU.ActiveCfg = Release|Any CPU
		{718572F8-EFF3-433E-829C-138E986140EB}.Release|Any CPU.Build.0 = Release|Any CPU
	EndGlobalSection
	GlobalSection(SolutionProperties) = preSolution
		HideSolutionNode = FALSE
	EndGlobalSection
	GlobalSection(ExtensibilityGlobals) = postSolution
		SolutionGuid = {32600E1A-6399-4929-AE17-66987465BCF4}
	EndGlobalSection
EndGlobal
