
Microsoft Visual Studio Solution File, Format Version 12.00
# Visual Studio Version 16
VisualStudioVersion = 16.0.30907.101
MinimumVisualStudioVersion = 10.0.40219.1
Project("{FAE04EC0-301F-11D3-BF4B-00C04F79EFBC}") = "Path_", "Path_.csproj", "{C21E0B5E-0FE9-4395-988D-B8DA101CA74D}"
EndProject
Global
	GlobalSection(SolutionConfigurationPlatforms) = preSolution
		Debug|Any CPU = Debug|Any CPU
		Release|Any CPU = Release|Any CPU
	EndGlobalSection
	GlobalSection(ProjectConfigurationPlatforms) = postSolution
		{C21E0B5E-0FE9-4395-988D-B8DA101CA74D}.Debug|Any CPU.ActiveCfg = Debug|Any CPU
		{C21E0B5E-0FE9-4395-988D-B8DA101CA74D}.Debug|Any CPU.Build.0 = Debug|Any CPU
		{C21E0B5E-0FE9-4395-988D-B8DA101CA74D}.Release|Any CPU.ActiveCfg = Release|Any CPU
		{C21E0B5E-0FE9-4395-988D-B8DA101CA74D}.Release|Any CPU.Build.0 = Release|Any CPU
	EndGlobalSection
	GlobalSection(SolutionProperties) = preSolution
		HideSolutionNode = FALSE
	EndGlobalSection
	GlobalSection(ExtensibilityGlobals) = postSolution
		SolutionGuid = {3AF9C7AA-B4C1-4F34-BBF6-955185F34A99}
	EndGlobalSection
EndGlobal
