
Microsoft Visual Studio Solution File, Format Version 12.00
# Visual Studio Version 16
VisualStudioVersion = 16.0.30621.155
MinimumVisualStudioVersion = 10.0.40219.1
Project("{FAE04EC0-301F-11D3-BF4B-00C04F79EFBC}") = "06", "06.csproj", "{A9E10837-5EFA-4429-B459-8CF520C9835D}"
EndProject
Global
	GlobalSection(SolutionConfigurationPlatforms) = preSolution
		Debug|Any CPU = Debug|Any CPU
		Release|Any CPU = Release|Any CPU
	EndGlobalSection
	GlobalSection(ProjectConfigurationPlatforms) = postSolution
		{A9E10837-5EFA-4429-B459-8CF520C9835D}.Debug|Any CPU.ActiveCfg = Debug|Any CPU
		{A9E10837-5EFA-4429-B459-8CF520C9835D}.Debug|Any CPU.Build.0 = Debug|Any CPU
		{A9E10837-5EFA-4429-B459-8CF520C9835D}.Release|Any CPU.ActiveCfg = Release|Any CPU
		{A9E10837-5EFA-4429-B459-8CF520C9835D}.Release|Any CPU.Build.0 = Release|Any CPU
	EndGlobalSection
	GlobalSection(SolutionProperties) = preSolution
		HideSolutionNode = FALSE
	EndGlobalSection
	GlobalSection(ExtensibilityGlobals) = postSolution
		SolutionGuid = {9616459A-EF09-4AD8-939A-80DFC394E298}
	EndGlobalSection
EndGlobal
