
Microsoft Visual Studio Solution File, Format Version 12.00
# Visual Studio Version 16
VisualStudioVersion = 16.0.31313.79
MinimumVisualStudioVersion = 10.0.40219.1
Project("{FAE04EC0-301F-11D3-BF4B-00C04F79EFBC}") = "LINQs", "LINQs.csproj", "{4323D893-7D9C-4ABF-B510-4EEFF00F473A}"
EndProject
Global
	GlobalSection(SolutionConfigurationPlatforms) = preSolution
		Debug|Any CPU = Debug|Any CPU
		Release|Any CPU = Release|Any CPU
	EndGlobalSection
	GlobalSection(ProjectConfigurationPlatforms) = postSolution
		{4323D893-7D9C-4ABF-B510-4EEFF00F473A}.Debug|Any CPU.ActiveCfg = Debug|Any CPU
		{4323D893-7D9C-4ABF-B510-4EEFF00F473A}.Debug|Any CPU.Build.0 = Debug|Any CPU
		{4323D893-7D9C-4ABF-B510-4EEFF00F473A}.Release|Any CPU.ActiveCfg = Release|Any CPU
		{4323D893-7D9C-4ABF-B510-4EEFF00F473A}.Release|Any CPU.Build.0 = Release|Any CPU
	EndGlobalSection
	GlobalSection(SolutionProperties) = preSolution
		HideSolutionNode = FALSE
	EndGlobalSection
	GlobalSection(ExtensibilityGlobals) = postSolution
		SolutionGuid = {A2DD3B0C-1483-4110-BF95-57DBC16FD8EF}
	EndGlobalSection
EndGlobal
