
Microsoft Visual Studio Solution File, Format Version 12.00
# Visual Studio Version 16
VisualStudioVersion = 16.0.30907.101
MinimumVisualStudioVersion = 10.0.40219.1
Project("{FAE04EC0-301F-11D3-BF4B-00C04F79EFBC}") = "ReservationSystem", "ReservationSystem.csproj", "{66F958B9-EB81-4751-BEF3-771AE26C1EF3}"
EndProject
Global
	GlobalSection(SolutionConfigurationPlatforms) = preSolution
		Debug|Any CPU = Debug|Any CPU
		Release|Any CPU = Release|Any CPU
	EndGlobalSection
	GlobalSection(ProjectConfigurationPlatforms) = postSolution
		{66F958B9-EB81-4751-BEF3-771AE26C1EF3}.Debug|Any CPU.ActiveCfg = Debug|Any CPU
		{66F958B9-EB81-4751-BEF3-771AE26C1EF3}.Debug|Any CPU.Build.0 = Debug|Any CPU
		{66F958B9-EB81-4751-BEF3-771AE26C1EF3}.Release|Any CPU.ActiveCfg = Release|Any CPU
		{66F958B9-EB81-4751-BEF3-771AE26C1EF3}.Release|Any CPU.Build.0 = Release|Any CPU
	EndGlobalSection
	GlobalSection(SolutionProperties) = preSolution
		HideSolutionNode = FALSE
	EndGlobalSection
	GlobalSection(ExtensibilityGlobals) = postSolution
		SolutionGuid = {7BFCBD0E-A9A7-41D8-8FDE-873ABA5DE93E}
	EndGlobalSection
EndGlobal
