
Microsoft Visual Studio Solution File, Format Version 12.00
# Visual Studio Version 16
VisualStudioVersion = 16.0.30621.155
MinimumVisualStudioVersion = 10.0.40219.1
Project("{FAE04EC0-301F-11D3-BF4B-00C04F79EFBC}") = "06", "06.csproj", "{20681F2D-AC70-4560-AA3A-888477BD5F2A}"
EndProject
Global
	GlobalSection(SolutionConfigurationPlatforms) = preSolution
		Debug|Any CPU = Debug|Any CPU
		Release|Any CPU = Release|Any CPU
	EndGlobalSection
	GlobalSection(ProjectConfigurationPlatforms) = postSolution
		{20681F2D-AC70-4560-AA3A-888477BD5F2A}.Debug|Any CPU.ActiveCfg = Debug|Any CPU
		{20681F2D-AC70-4560-AA3A-888477BD5F2A}.Debug|Any CPU.Build.0 = Debug|Any CPU
		{20681F2D-AC70-4560-AA3A-888477BD5F2A}.Release|Any CPU.ActiveCfg = Release|Any CPU
		{20681F2D-AC70-4560-AA3A-888477BD5F2A}.Release|Any CPU.Build.0 = Release|Any CPU
	EndGlobalSection
	GlobalSection(SolutionProperties) = preSolution
		HideSolutionNode = FALSE
	EndGlobalSection
	GlobalSection(ExtensibilityGlobals) = postSolution
		SolutionGuid = {BEFCFAA9-4FB1-4177-94DE-DFF8C743204D}
	EndGlobalSection
EndGlobal
