
Microsoft Visual Studio Solution File, Format Version 12.00
# Visual Studio Version 16
VisualStudioVersion = 16.0.31019.35
MinimumVisualStudioVersion = 10.0.40219.1
Project("{FAE04EC0-301F-11D3-BF4B-00C04F79EFBC}") = "RentalCars", "RentalCars.csproj", "{2FFCD1C8-CA49-47EE-B32C-FEA3FF255698}"
EndProject
Global
	GlobalSection(SolutionConfigurationPlatforms) = preSolution
		Debug|Any CPU = Debug|Any CPU
		Release|Any CPU = Release|Any CPU
	EndGlobalSection
	GlobalSection(ProjectConfigurationPlatforms) = postSolution
		{2FFCD1C8-CA49-47EE-B32C-FEA3FF255698}.Debug|Any CPU.ActiveCfg = Debug|Any CPU
		{2FFCD1C8-CA49-47EE-B32C-FEA3FF255698}.Debug|Any CPU.Build.0 = Debug|Any CPU
		{2FFCD1C8-CA49-47EE-B32C-FEA3FF255698}.Release|Any CPU.ActiveCfg = Release|Any CPU
		{2FFCD1C8-CA49-47EE-B32C-FEA3FF255698}.Release|Any CPU.Build.0 = Release|Any CPU
	EndGlobalSection
	GlobalSection(SolutionProperties) = preSolution
		HideSolutionNode = FALSE
	EndGlobalSection
	GlobalSection(ExtensibilityGlobals) = postSolution
		SolutionGuid = {F8AC1BE2-411B-43FF-91E0-4DFE1AF0279D}
	EndGlobalSection
EndGlobal
