
Microsoft Visual Studio Solution File, Format Version 12.00
# Visual Studio Version 16
VisualStudioVersion = 16.0.31313.79
MinimumVisualStudioVersion = 10.0.40219.1
Project("{FAE04EC0-301F-11D3-BF4B-00C04F79EFBC}") = "Predicates", "Predicates.csproj", "{EFC7D464-C176-4D72-92BF-D4B0922B5220}"
EndProject
Global
	GlobalSection(SolutionConfigurationPlatforms) = preSolution
		Debug|Any CPU = Debug|Any CPU
		Release|Any CPU = Release|Any CPU
	EndGlobalSection
	GlobalSection(ProjectConfigurationPlatforms) = postSolution
		{EFC7D464-C176-4D72-92BF-D4B0922B5220}.Debug|Any CPU.ActiveCfg = Debug|Any CPU
		{EFC7D464-C176-4D72-92BF-D4B0922B5220}.Debug|Any CPU.Build.0 = Debug|Any CPU
		{EFC7D464-C176-4D72-92BF-D4B0922B5220}.Release|Any CPU.ActiveCfg = Release|Any CPU
		{EFC7D464-C176-4D72-92BF-D4B0922B5220}.Release|Any CPU.Build.0 = Release|Any CPU
	EndGlobalSection
	GlobalSection(SolutionProperties) = preSolution
		HideSolutionNode = FALSE
	EndGlobalSection
	GlobalSection(ExtensibilityGlobals) = postSolution
		SolutionGuid = {E72549C5-9C03-4BFA-99F6-E97DFA9510CB}
	EndGlobalSection
EndGlobal
