
Microsoft Visual Studio Solution File, Format Version 12.00
# Visual Studio Version 16
VisualStudioVersion = 16.0.30621.155
MinimumVisualStudioVersion = 10.0.40219.1
Project("{FAE04EC0-301F-11D3-BF4B-00C04F79EFBC}") = "PrimeiroPrograma", "PrimeiroPrograma.csproj", "{068F33AE-5430-4A69-AE8F-E80CFF5CB15B}"
EndProject
Global
	GlobalSection(SolutionConfigurationPlatforms) = preSolution
		Debug|Any CPU = Debug|Any CPU
		Release|Any CPU = Release|Any CPU
	EndGlobalSection
	GlobalSection(ProjectConfigurationPlatforms) = postSolution
		{068F33AE-5430-4A69-AE8F-E80CFF5CB15B}.Debug|Any CPU.ActiveCfg = Debug|Any CPU
		{068F33AE-5430-4A69-AE8F-E80CFF5CB15B}.Debug|Any CPU.Build.0 = Debug|Any CPU
		{068F33AE-5430-4A69-AE8F-E80CFF5CB15B}.Release|Any CPU.ActiveCfg = Release|Any CPU
		{068F33AE-5430-4A69-AE8F-E80CFF5CB15B}.Release|Any CPU.Build.0 = Release|Any CPU
	EndGlobalSection
	GlobalSection(SolutionProperties) = preSolution
		HideSolutionNode = FALSE
	EndGlobalSection
	GlobalSection(ExtensibilityGlobals) = postSolution
		SolutionGuid = {B9F2BB55-27ED-4DFA-98BA-79D12FBAFA92}
	EndGlobalSection
EndGlobal
