
Microsoft Visual Studio Solution File, Format Version 12.00
# Visual Studio Version 16
VisualStudioVersion = 16.0.30907.101
MinimumVisualStudioVersion = 10.0.40219.1
Project("{FAE04EC0-301F-11D3-BF4B-00C04F79EFBC}") = "Worker_Contracts", "Worker_Contracts.csproj", "{682BAA71-D40E-4736-AF22-07461BB0336F}"
EndProject
Global
	GlobalSection(SolutionConfigurationPlatforms) = preSolution
		Debug|Any CPU = Debug|Any CPU
		Release|Any CPU = Release|Any CPU
	EndGlobalSection
	GlobalSection(ProjectConfigurationPlatforms) = postSolution
		{682BAA71-D40E-4736-AF22-07461BB0336F}.Debug|Any CPU.ActiveCfg = Debug|Any CPU
		{682BAA71-D40E-4736-AF22-07461BB0336F}.Debug|Any CPU.Build.0 = Debug|Any CPU
		{682BAA71-D40E-4736-AF22-07461BB0336F}.Release|Any CPU.ActiveCfg = Release|Any CPU
		{682BAA71-D40E-4736-AF22-07461BB0336F}.Release|Any CPU.Build.0 = Release|Any CPU
	EndGlobalSection
	GlobalSection(SolutionProperties) = preSolution
		HideSolutionNode = FALSE
	EndGlobalSection
	GlobalSection(ExtensibilityGlobals) = postSolution
		SolutionGuid = {F66E70AD-4DCA-48FC-8524-0CCEA181D388}
	EndGlobalSection
EndGlobal
