
Microsoft Visual Studio Solution File, Format Version 12.00
# Visual Studio Version 16
VisualStudioVersion = 16.0.31313.79
MinimumVisualStudioVersion = 10.0.40219.1
Project("{FAE04EC0-301F-11D3-BF4B-00C04F79EFBC}") = "Actions", "Actions.csproj", "{4DBD5FC7-E4BE-446E-832B-0483A9F69A06}"
EndProject
Global
	GlobalSection(SolutionConfigurationPlatforms) = preSolution
		Debug|Any CPU = Debug|Any CPU
		Release|Any CPU = Release|Any CPU
	EndGlobalSection
	GlobalSection(ProjectConfigurationPlatforms) = postSolution
		{4DBD5FC7-E4BE-446E-832B-0483A9F69A06}.Debug|Any CPU.ActiveCfg = Debug|Any CPU
		{4DBD5FC7-E4BE-446E-832B-0483A9F69A06}.Debug|Any CPU.Build.0 = Debug|Any CPU
		{4DBD5FC7-E4BE-446E-832B-0483A9F69A06}.Release|Any CPU.ActiveCfg = Release|Any CPU
		{4DBD5FC7-E4BE-446E-832B-0483A9F69A06}.Release|Any CPU.Build.0 = Release|Any CPU
	EndGlobalSection
	GlobalSection(SolutionProperties) = preSolution
		HideSolutionNode = FALSE
	EndGlobalSection
	GlobalSection(ExtensibilityGlobals) = postSolution
		SolutionGuid = {069D1FCC-7DE8-49F6-9D91-280E81BD8F46}
	EndGlobalSection
EndGlobal
