
Microsoft Visual Studio Solution File, Format Version 12.00
# Visual Studio Version 16
VisualStudioVersion = 16.0.30907.101
MinimumVisualStudioVersion = 10.0.40219.1
Project("{FAE04EC0-301F-11D3-BF4B-00C04F79EFBC}") = "ProductsSystem", "ProductsSystem.csproj", "{6CA44441-078C-4A55-970C-4ABD14BDE8BF}"
EndProject
Global
	GlobalSection(SolutionConfigurationPlatforms) = preSolution
		Debug|Any CPU = Debug|Any CPU
		Release|Any CPU = Release|Any CPU
	EndGlobalSection
	GlobalSection(ProjectConfigurationPlatforms) = postSolution
		{6CA44441-078C-4A55-970C-4ABD14BDE8BF}.Debug|Any CPU.ActiveCfg = Debug|Any CPU
		{6CA44441-078C-4A55-970C-4ABD14BDE8BF}.Debug|Any CPU.Build.0 = Debug|Any CPU
		{6CA44441-078C-4A55-970C-4ABD14BDE8BF}.Release|Any CPU.ActiveCfg = Release|Any CPU
		{6CA44441-078C-4A55-970C-4ABD14BDE8BF}.Release|Any CPU.Build.0 = Release|Any CPU
	EndGlobalSection
	GlobalSection(SolutionProperties) = preSolution
		HideSolutionNode = FALSE
	EndGlobalSection
	GlobalSection(ExtensibilityGlobals) = postSolution
		SolutionGuid = {0EACDEA2-DFC7-4EF8-A3D3-4312F330A335}
	EndGlobalSection
EndGlobal
