
Microsoft Visual Studio Solution File, Format Version 12.00
# Visual Studio Version 16
VisualStudioVersion = 16.0.30621.155
MinimumVisualStudioVersion = 10.0.40219.1
Project("{FAE04EC0-301F-11D3-BF4B-00C04F79EFBC}") = "03", "03.csproj", "{F67597BA-C768-4442-AD79-B3BA46F1E911}"
EndProject
Global
	GlobalSection(SolutionConfigurationPlatforms) = preSolution
		Debug|Any CPU = Debug|Any CPU
		Release|Any CPU = Release|Any CPU
	EndGlobalSection
	GlobalSection(ProjectConfigurationPlatforms) = postSolution
		{F67597BA-C768-4442-AD79-B3BA46F1E911}.Debug|Any CPU.ActiveCfg = Debug|Any CPU
		{F67597BA-C768-4442-AD79-B3BA46F1E911}.Debug|Any CPU.Build.0 = Debug|Any CPU
		{F67597BA-C768-4442-AD79-B3BA46F1E911}.Release|Any CPU.ActiveCfg = Release|Any CPU
		{F67597BA-C768-4442-AD79-B3BA46F1E911}.Release|Any CPU.Build.0 = Release|Any CPU
	EndGlobalSection
	GlobalSection(SolutionProperties) = preSolution
		HideSolutionNode = FALSE
	EndGlobalSection
	GlobalSection(ExtensibilityGlobals) = postSolution
		SolutionGuid = {34660DD7-A43A-40A8-9568-481D4A5E9AAE}
	EndGlobalSection
EndGlobal
