
Microsoft Visual Studio Solution File, Format Version 12.00
# Visual Studio Version 16
VisualStudioVersion = 16.0.30621.155
MinimumVisualStudioVersion = 10.0.40219.1
Project("{FAE04EC0-301F-11D3-BF4B-00C04F79EFBC}") = "06", "06.csproj", "{06B230D5-6502-4804-B904-862E749D6DCF}"
EndProject
Global
	GlobalSection(SolutionConfigurationPlatforms) = preSolution
		Debug|Any CPU = Debug|Any CPU
		Release|Any CPU = Release|Any CPU
	EndGlobalSection
	GlobalSection(ProjectConfigurationPlatforms) = postSolution
		{06B230D5-6502-4804-B904-862E749D6DCF}.Debug|Any CPU.ActiveCfg = Debug|Any CPU
		{06B230D5-6502-4804-B904-862E749D6DCF}.Debug|Any CPU.Build.0 = Debug|Any CPU
		{06B230D5-6502-4804-B904-862E749D6DCF}.Release|Any CPU.ActiveCfg = Release|Any CPU
		{06B230D5-6502-4804-B904-862E749D6DCF}.Release|Any CPU.Build.0 = Release|Any CPU
	EndGlobalSection
	GlobalSection(SolutionProperties) = preSolution
		HideSolutionNode = FALSE
	EndGlobalSection
	GlobalSection(ExtensibilityGlobals) = postSolution
		SolutionGuid = {FBA29776-0E82-40FD-9417-94AF0FDE44C6}
	EndGlobalSection
EndGlobal
