
Microsoft Visual Studio Solution File, Format Version 12.00
# Visual Studio Version 16
VisualStudioVersion = 16.0.30711.63
MinimumVisualStudioVersion = 10.0.40219.1
Project("{FAE04EC0-301F-11D3-BF4B-00C04F79EFBC}") = "VetoresObjetos", "VetoresObjetos.csproj", "{558DD27D-2837-443A-A701-A2683EAC430B}"
EndProject
Global
	GlobalSection(SolutionConfigurationPlatforms) = preSolution
		Debug|Any CPU = Debug|Any CPU
		Release|Any CPU = Release|Any CPU
	EndGlobalSection
	GlobalSection(ProjectConfigurationPlatforms) = postSolution
		{558DD27D-2837-443A-A701-A2683EAC430B}.Debug|Any CPU.ActiveCfg = Debug|Any CPU
		{558DD27D-2837-443A-A701-A2683EAC430B}.Debug|Any CPU.Build.0 = Debug|Any CPU
		{558DD27D-2837-443A-A701-A2683EAC430B}.Release|Any CPU.ActiveCfg = Release|Any CPU
		{558DD27D-2837-443A-A701-A2683EAC430B}.Release|Any CPU.Build.0 = Release|Any CPU
	EndGlobalSection
	GlobalSection(SolutionProperties) = preSolution
		HideSolutionNode = FALSE
	EndGlobalSection
	GlobalSection(ExtensibilityGlobals) = postSolution
		SolutionGuid = {6327F197-C168-466A-9475-E95B06831E07}
	EndGlobalSection
EndGlobal
