
Microsoft Visual Studio Solution File, Format Version 12.00
# Visual Studio Version 16
VisualStudioVersion = 16.0.30621.155
MinimumVisualStudioVersion = 10.0.40219.1
Project("{FAE04EC0-301F-11D3-BF4B-00C04F79EFBC}") = "02", "02.csproj", "{18CB44ED-49CB-4DED-93B6-B3C052D2412A}"
EndProject
Global
	GlobalSection(SolutionConfigurationPlatforms) = preSolution
		Debug|Any CPU = Debug|Any CPU
		Release|Any CPU = Release|Any CPU
	EndGlobalSection
	GlobalSection(ProjectConfigurationPlatforms) = postSolution
		{18CB44ED-49CB-4DED-93B6-B3C052D2412A}.Debug|Any CPU.ActiveCfg = Debug|Any CPU
		{18CB44ED-49CB-4DED-93B6-B3C052D2412A}.Debug|Any CPU.Build.0 = Debug|Any CPU
		{18CB44ED-49CB-4DED-93B6-B3C052D2412A}.Release|Any CPU.ActiveCfg = Release|Any CPU
		{18CB44ED-49CB-4DED-93B6-B3C052D2412A}.Release|Any CPU.Build.0 = Release|Any CPU
	EndGlobalSection
	GlobalSection(SolutionProperties) = preSolution
		HideSolutionNode = FALSE
	EndGlobalSection
	GlobalSection(ExtensibilityGlobals) = postSolution
		SolutionGuid = {8B211DAB-7DFD-4F55-93E7-B53A159E5223}
	EndGlobalSection
EndGlobal
