
Microsoft Visual Studio Solution File, Format Version 12.00
# Visual Studio Version 16
VisualStudioVersion = 16.0.30621.155
MinimumVisualStudioVersion = 10.0.40219.1
Project("{FAE04EC0-301F-11D3-BF4B-00C04F79EFBC}") = "04", "04.csproj", "{5ECA18F8-FA4C-4315-8E24-C2814E7FAB67}"
EndProject
Global
	GlobalSection(SolutionConfigurationPlatforms) = preSolution
		Debug|Any CPU = Debug|Any CPU
		Release|Any CPU = Release|Any CPU
	EndGlobalSection
	GlobalSection(ProjectConfigurationPlatforms) = postSolution
		{5ECA18F8-FA4C-4315-8E24-C2814E7FAB67}.Debug|Any CPU.ActiveCfg = Debug|Any CPU
		{5ECA18F8-FA4C-4315-8E24-C2814E7FAB67}.Debug|Any CPU.Build.0 = Debug|Any CPU
		{5ECA18F8-FA4C-4315-8E24-C2814E7FAB67}.Release|Any CPU.ActiveCfg = Release|Any CPU
		{5ECA18F8-FA4C-4315-8E24-C2814E7FAB67}.Release|Any CPU.Build.0 = Release|Any CPU
	EndGlobalSection
	GlobalSection(SolutionProperties) = preSolution
		HideSolutionNode = FALSE
	EndGlobalSection
	GlobalSection(ExtensibilityGlobals) = postSolution
		SolutionGuid = {372B2B26-8B7D-4819-933E-147F86A9663D}
	EndGlobalSection
EndGlobal
