
Microsoft Visual Studio Solution File, Format Version 12.00
# Visual Studio Version 16
VisualStudioVersion = 16.0.30621.155
MinimumVisualStudioVersion = 10.0.40219.1
Project("{FAE04EC0-301F-11D3-BF4B-00C04F79EFBC}") = "01", "01.csproj", "{65F4CA5A-1013-4B86-9294-D29EAC1394E5}"
EndProject
Global
	GlobalSection(SolutionConfigurationPlatforms) = preSolution
		Debug|Any CPU = Debug|Any CPU
		Release|Any CPU = Release|Any CPU
	EndGlobalSection
	GlobalSection(ProjectConfigurationPlatforms) = postSolution
		{65F4CA5A-1013-4B86-9294-D29EAC1394E5}.Debug|Any CPU.ActiveCfg = Debug|Any CPU
		{65F4CA5A-1013-4B86-9294-D29EAC1394E5}.Debug|Any CPU.Build.0 = Debug|Any CPU
		{65F4CA5A-1013-4B86-9294-D29EAC1394E5}.Release|Any CPU.ActiveCfg = Release|Any CPU
		{65F4CA5A-1013-4B86-9294-D29EAC1394E5}.Release|Any CPU.Build.0 = Release|Any CPU
	EndGlobalSection
	GlobalSection(SolutionProperties) = preSolution
		HideSolutionNode = FALSE
	EndGlobalSection
	GlobalSection(ExtensibilityGlobals) = postSolution
		SolutionGuid = {5478B099-C6C1-4130-8A08-3B86D689F851}
	EndGlobalSection
EndGlobal
