
Microsoft Visual Studio Solution File, Format Version 12.00
# Visual Studio Version 16
VisualStudioVersion = 16.0.31019.35
MinimumVisualStudioVersion = 10.0.40219.1
Project("{FAE04EC0-301F-11D3-BF4B-00C04F79EFBC}") = "InheritanceInterface", "InheritanceInterface.csproj", "{B0583D0A-E24A-4C91-8EEC-1A078CFB3B7D}"
EndProject
Global
	GlobalSection(SolutionConfigurationPlatforms) = preSolution
		Debug|Any CPU = Debug|Any CPU
		Release|Any CPU = Release|Any CPU
	EndGlobalSection
	GlobalSection(ProjectConfigurationPlatforms) = postSolution
		{B0583D0A-E24A-4C91-8EEC-1A078CFB3B7D}.Debug|Any CPU.ActiveCfg = Debug|Any CPU
		{B0583D0A-E24A-4C91-8EEC-1A078CFB3B7D}.Debug|Any CPU.Build.0 = Debug|Any CPU
		{B0583D0A-E24A-4C91-8EEC-1A078CFB3B7D}.Release|Any CPU.ActiveCfg = Release|Any CPU
		{B0583D0A-E24A-4C91-8EEC-1A078CFB3B7D}.Release|Any CPU.Build.0 = Release|Any CPU
	EndGlobalSection
	GlobalSection(SolutionProperties) = preSolution
		HideSolutionNode = FALSE
	EndGlobalSection
	GlobalSection(ExtensibilityGlobals) = postSolution
		SolutionGuid = {C2E80100-4D52-417D-8154-B04FB6432CD1}
	EndGlobalSection
EndGlobal
