
Microsoft Visual Studio Solution File, Format Version 12.00
# Visual Studio Version 16
VisualStudioVersion = 16.0.31321.278
MinimumVisualStudioVersion = 10.0.40219.1
Project("{FAE04EC0-301F-11D3-BF4B-00C04F79EFBC}") = "LinqExercise", "LinqExercise.csproj", "{4B062A48-6E99-447C-A83B-F7311B7AB3D2}"
EndProject
Global
	GlobalSection(SolutionConfigurationPlatforms) = preSolution
		Debug|Any CPU = Debug|Any CPU
		Release|Any CPU = Release|Any CPU
	EndGlobalSection
	GlobalSection(ProjectConfigurationPlatforms) = postSolution
		{4B062A48-6E99-447C-A83B-F7311B7AB3D2}.Debug|Any CPU.ActiveCfg = Debug|Any CPU
		{4B062A48-6E99-447C-A83B-F7311B7AB3D2}.Debug|Any CPU.Build.0 = Debug|Any CPU
		{4B062A48-6E99-447C-A83B-F7311B7AB3D2}.Release|Any CPU.ActiveCfg = Release|Any CPU
		{4B062A48-6E99-447C-A83B-F7311B7AB3D2}.Release|Any CPU.Build.0 = Release|Any CPU
	EndGlobalSection
	GlobalSection(SolutionProperties) = preSolution
		HideSolutionNode = FALSE
	EndGlobalSection
	GlobalSection(ExtensibilityGlobals) = postSolution
		SolutionGuid = {B956C6DB-35AD-4A24-B67C-8960A159E604}
	EndGlobalSection
EndGlobal
